
Microsoft Visual Studio Solution File, Format Version 12.00
# Visual Studio 15
VisualStudioVersion = 15.0.28307.421
MinimumVisualStudioVersion = 10.0.40219.1
Project("{FAE04EC0-301F-11D3-BF4B-00C04F79EFBC}") = "Web_prueba", "Web_prueba\Web_prueba.csproj", "{3921C4B2-CD7A-401F-85A9-2595B85D0912}"
EndProject
Global
	GlobalSection(SolutionConfigurationPlatforms) = preSolution
		Debug|Any CPU = Debug|Any CPU
		Release|Any CPU = Release|Any CPU
	EndGlobalSection
	GlobalSection(ProjectConfigurationPlatforms) = postSolution
		{3921C4B2-CD7A-401F-85A9-2595B85D0912}.Debug|Any CPU.ActiveCfg = Debug|Any CPU
		{3921C4B2-CD7A-401F-85A9-2595B85D0912}.Debug|Any CPU.Build.0 = Debug|Any CPU
		{3921C4B2-CD7A-401F-85A9-2595B85D0912}.Release|Any CPU.ActiveCfg = Release|Any CPU
		{3921C4B2-CD7A-401F-85A9-2595B85D0912}.Release|Any CPU.Build.0 = Release|Any CPU
	EndGlobalSection
	GlobalSection(SolutionProperties) = preSolution
		HideSolutionNode = FALSE
	EndGlobalSection
	GlobalSection(ExtensibilityGlobals) = postSolution
		SolutionGuid = {39E6FD88-7BA2-4227-B4BD-0CCEABED8038}
	EndGlobalSection
EndGlobal
